
Microsoft Visual Studio Solution File, Format Version 12.00
# Visual Studio Version 17
VisualStudioVersion = 17.2.32616.157
MinimumVisualStudioVersion = 10.0.40219.1
Project("{FAE04EC0-301F-11D3-BF4B-00C04F79EFBC}") = "ProjetoAula05_c", "ProjetoAula05_c\ProjetoAula05_c.csproj", "{BBD2F57A-ABB2-4242-9B2F-6D1CD32E75B3}"
EndProject
Global
	GlobalSection(SolutionConfigurationPlatforms) = preSolution
		Debug|Any CPU = Debug|Any CPU
		Release|Any CPU = Release|Any CPU
	EndGlobalSection
	GlobalSection(ProjectConfigurationPlatforms) = postSolution
		{BBD2F57A-ABB2-4242-9B2F-6D1CD32E75B3}.Debug|Any CPU.ActiveCfg = Debug|Any CPU
		{BBD2F57A-ABB2-4242-9B2F-6D1CD32E75B3}.Debug|Any CPU.Build.0 = Debug|Any CPU
		{BBD2F57A-ABB2-4242-9B2F-6D1CD32E75B3}.Release|Any CPU.ActiveCfg = Release|Any CPU
		{BBD2F57A-ABB2-4242-9B2F-6D1CD32E75B3}.Release|Any CPU.Build.0 = Release|Any CPU
	EndGlobalSection
	GlobalSection(SolutionProperties) = preSolution
		HideSolutionNode = FALSE
	EndGlobalSection
	GlobalSection(ExtensibilityGlobals) = postSolution
		SolutionGuid = {F01198A1-5D8A-40FD-8AB0-370F1D075748}
	EndGlobalSection
EndGlobal
